
Microsoft Visual Studio Solution File, Format Version 12.00
# Visual Studio Version 16
VisualStudioVersion = 16.0.31105.61
MinimumVisualStudioVersion = 10.0.40219.1
Project("{8BC9CEB8-8B4A-11D0-8D11-00A0C91BC942}") = "lab27", "lab27\lab27.vcxproj", "{2F14ACDB-007F-4C26-B829-DD91282D42EB}"
EndProject
Global
	GlobalSection(SolutionConfigurationPlatforms) = preSolution
		Debug|x64 = Debug|x64
		Debug|x86 = Debug|x86
		Release|x64 = Release|x64
		Release|x86 = Release|x86
	EndGlobalSection
	GlobalSection(ProjectConfigurationPlatforms) = postSolution
		{2F14ACDB-007F-4C26-B829-DD91282D42EB}.Debug|x64.ActiveCfg = Debug|x64
		{2F14ACDB-007F-4C26-B829-DD91282D42EB}.Debug|x64.Build.0 = Debug|x64
		{2F14ACDB-007F-4C26-B829-DD91282D42EB}.Debug|x86.ActiveCfg = Debug|Win32
		{2F14ACDB-007F-4C26-B829-DD91282D42EB}.Debug|x86.Build.0 = Debug|Win32
		{2F14ACDB-007F-4C26-B829-DD91282D42EB}.Release|x64.ActiveCfg = Release|x64
		{2F14ACDB-007F-4C26-B829-DD91282D42EB}.Release|x64.Build.0 = Release|x64
		{2F14ACDB-007F-4C26-B829-DD91282D42EB}.Release|x86.ActiveCfg = Release|Win32
		{2F14ACDB-007F-4C26-B829-DD91282D42EB}.Release|x86.Build.0 = Release|Win32
	EndGlobalSection
	GlobalSection(SolutionProperties) = preSolution
		HideSolutionNode = FALSE
	EndGlobalSection
	GlobalSection(ExtensibilityGlobals) = postSolution
		SolutionGuid = {3F281779-165F-44D9-9716-6826A3808ECB}
	EndGlobalSection
EndGlobal
