
Microsoft Visual Studio Solution File, Format Version 12.00
# Visual Studio Version 16
VisualStudioVersion = 16.0.30907.101
MinimumVisualStudioVersion = 10.0.40219.1
Project("{8BC9CEB8-8B4A-11D0-8D11-00A0C91BC942}") = "hw0_p3", "hw0_p3\hw0_p3.vcxproj", "{E6BCDE5C-48F4-4E6E-8BF8-A777309015BD}"
EndProject
Global
	GlobalSection(SolutionConfigurationPlatforms) = preSolution
		Debug|x64 = Debug|x64
		Debug|x86 = Debug|x86
		Release|x64 = Release|x64
		Release|x86 = Release|x86
	EndGlobalSection
	GlobalSection(ProjectConfigurationPlatforms) = postSolution
		{E6BCDE5C-48F4-4E6E-8BF8-A777309015BD}.Debug|x64.ActiveCfg = Debug|x64
		{E6BCDE5C-48F4-4E6E-8BF8-A777309015BD}.Debug|x64.Build.0 = Debug|x64
		{E6BCDE5C-48F4-4E6E-8BF8-A777309015BD}.Debug|x86.ActiveCfg = Debug|Win32
		{E6BCDE5C-48F4-4E6E-8BF8-A777309015BD}.Debug|x86.Build.0 = Debug|Win32
		{E6BCDE5C-48F4-4E6E-8BF8-A777309015BD}.Release|x64.ActiveCfg = Release|x64
		{E6BCDE5C-48F4-4E6E-8BF8-A777309015BD}.Release|x64.Build.0 = Release|x64
		{E6BCDE5C-48F4-4E6E-8BF8-A777309015BD}.Release|x86.ActiveCfg = Release|Win32
		{E6BCDE5C-48F4-4E6E-8BF8-A777309015BD}.Release|x86.Build.0 = Release|Win32
	EndGlobalSection
	GlobalSection(SolutionProperties) = preSolution
		HideSolutionNode = FALSE
	EndGlobalSection
	GlobalSection(ExtensibilityGlobals) = postSolution
		SolutionGuid = {3EB3431A-3A04-49C1-BAFE-4DF93E7BAD87}
	EndGlobalSection
EndGlobal
