
Microsoft Visual Studio Solution File, Format Version 12.00
# Visual Studio Version 16
VisualStudioVersion = 16.0.31129.286
MinimumVisualStudioVersion = 10.0.40219.1
Project("{8BC9CEB8-8B4A-11D0-8D11-00A0C91BC942}") = "shopping", "shopping\shopping.vcxproj", "{F3EBE6C2-4414-4FBD-B2B5-29E1C349506D}"
EndProject
Global
	GlobalSection(SolutionConfigurationPlatforms) = preSolution
		Debug|x64 = Debug|x64
		Debug|x86 = Debug|x86
		Release|x64 = Release|x64
		Release|x86 = Release|x86
	EndGlobalSection
	GlobalSection(ProjectConfigurationPlatforms) = postSolution
		{F3EBE6C2-4414-4FBD-B2B5-29E1C349506D}.Debug|x64.ActiveCfg = Debug|x64
		{F3EBE6C2-4414-4FBD-B2B5-29E1C349506D}.Debug|x64.Build.0 = Debug|x64
		{F3EBE6C2-4414-4FBD-B2B5-29E1C349506D}.Debug|x86.ActiveCfg = Debug|Win32
		{F3EBE6C2-4414-4FBD-B2B5-29E1C349506D}.Debug|x86.Build.0 = Debug|Win32
		{F3EBE6C2-4414-4FBD-B2B5-29E1C349506D}.Release|x64.ActiveCfg = Release|x64
		{F3EBE6C2-4414-4FBD-B2B5-29E1C349506D}.Release|x64.Build.0 = Release|x64
		{F3EBE6C2-4414-4FBD-B2B5-29E1C349506D}.Release|x86.ActiveCfg = Release|Win32
		{F3EBE6C2-4414-4FBD-B2B5-29E1C349506D}.Release|x86.Build.0 = Release|Win32
	EndGlobalSection
	GlobalSection(SolutionProperties) = preSolution
		HideSolutionNode = FALSE
	EndGlobalSection
	GlobalSection(ExtensibilityGlobals) = postSolution
		SolutionGuid = {C5F0882E-8E76-4DE0-A4C6-441A58E2097B}
	EndGlobalSection
EndGlobal
