
Microsoft Visual Studio Solution File, Format Version 12.00
# Visual Studio Version 16
VisualStudioVersion = 16.0.31019.35
MinimumVisualStudioVersion = 10.0.40219.1
Project("{8BC9CEB8-8B4A-11D0-8D11-00A0C91BC942}") = "lab18", "lab18\lab18.vcxproj", "{C188F166-EEFE-476B-9CA5-F2EA8ACA0747}"
EndProject
Global
	GlobalSection(SolutionConfigurationPlatforms) = preSolution
		Debug|x64 = Debug|x64
		Debug|x86 = Debug|x86
		Release|x64 = Release|x64
		Release|x86 = Release|x86
	EndGlobalSection
	GlobalSection(ProjectConfigurationPlatforms) = postSolution
		{C188F166-EEFE-476B-9CA5-F2EA8ACA0747}.Debug|x64.ActiveCfg = Debug|x64
		{C188F166-EEFE-476B-9CA5-F2EA8ACA0747}.Debug|x64.Build.0 = Debug|x64
		{C188F166-EEFE-476B-9CA5-F2EA8ACA0747}.Debug|x86.ActiveCfg = Debug|Win32
		{C188F166-EEFE-476B-9CA5-F2EA8ACA0747}.Debug|x86.Build.0 = Debug|Win32
		{C188F166-EEFE-476B-9CA5-F2EA8ACA0747}.Release|x64.ActiveCfg = Release|x64
		{C188F166-EEFE-476B-9CA5-F2EA8ACA0747}.Release|x64.Build.0 = Release|x64
		{C188F166-EEFE-476B-9CA5-F2EA8ACA0747}.Release|x86.ActiveCfg = Release|Win32
		{C188F166-EEFE-476B-9CA5-F2EA8ACA0747}.Release|x86.Build.0 = Release|Win32
	EndGlobalSection
	GlobalSection(SolutionProperties) = preSolution
		HideSolutionNode = FALSE
	EndGlobalSection
	GlobalSection(ExtensibilityGlobals) = postSolution
		SolutionGuid = {BB113EE4-680F-4AD5-B207-DF6F2D4DD763}
	EndGlobalSection
EndGlobal
